{
  "name": "structured-zstd-wasm-bench",
  "lockfileVersion": 3,
  "requires": true,
  "packages": {
    "": {
      "name": "structured-zstd-wasm-bench",
      "license": "Apache-2.0",
      "devDependencies": {
        "@bokuweb/zstd-wasm": "^0.0.24"
      }
    },
    "node_modules/@bokuweb/zstd-wasm": {
      "version": "0.0.24",
      "resolved": "https://registry.npmjs.org/@bokuweb/zstd-wasm/-/zstd-wasm-0.0.24.tgz",
      "integrity": "sha512-TpNugC+rFcDU/Bs7kT6gvHLC/GeIsJgjKRjkZH2HR5Vqk5xDIaEr2I2MJpDddunD8P0USGshkpHbQN1pHVekFg==",
      "dev": true,
      "license": "MIT"
    }
  }
}
